
Microsoft Visual Studio Solution File, Format Version 12.00
# Visual Studio Version 17
VisualStudioVersion = 17.0.31903.59
MinimumVisualStudioVersion = 10.0.40219.1
Project("{FAE04EC0-301F-11D3-BF4B-00C04F79EFBC}") = "TravelGuide", "TravelGuide\TravelGuide.csproj", "{068B4A72-DB03-4C45-9195-1BE70A1752E3}"
EndProject
Project("{FAE04EC0-301F-11D3-BF4B-00C04F79EFBC}") = "DoTravelGuide", "DoTravelGuide\DoTravelGuide.csproj", "{11ABAB51-3FB2-413D-9C1D-64E35BB10A24}"
EndProject
Project("{FAE04EC0-301F-11D3-BF4B-00C04F79EFBC}") = "LibTravelGuideRepositories", "LibTravelGuideRepositories\LibTravelGuideRepositories.csproj", "{8E68120D-2606-4D28-B945-834B7F15893E}"
EndProject
Project("{FAE04EC0-301F-11D3-BF4B-00C04F79EFBC}") = "TravelGuideDb", "TravelGuideDb\TravelGuideDb.csproj", "{999A5EF1-6BDB-4B72-AD44-4EADC564190B}"
EndProject
Project("{2150E333-8FDC-42A3-9474-1A3956D46DE8}") = "SystemTools", "SystemTools", "{3C5B3D1E-52CC-7748-3607-1E9B3B40885C}"
EndProject
Project("{FAE04EC0-301F-11D3-BF4B-00C04F79EFBC}") = "SystemToolsShared", "..\SystemTools\SystemToolsShared\SystemToolsShared.csproj", "{B5CC7D1E-9377-4FBF-B23A-4113EFF9A32A}"
EndProject
Project("{2150E333-8FDC-42A3-9474-1A3956D46DE8}") = "ToolsManagement", "ToolsManagement", "{18DB112C-7ABE-0483-81F1-6065088D1160}"
EndProject
Project("{FAE04EC0-301F-11D3-BF4B-00C04F79EFBC}") = "LibToolActions", "..\ToolsManagement\LibToolActions\LibToolActions.csproj", "{643AF6E4-04C2-469B-A939-2937D0278AF6}"
EndProject
Project("{2150E333-8FDC-42A3-9474-1A3956D46DE8}") = "AppCliTools", "AppCliTools", "{1A57881A-3AC3-60E6-9F4C-05C98910E8B5}"
EndProject
Project("{FAE04EC0-301F-11D3-BF4B-00C04F79EFBC}") = "LibDataInput", "..\AppCliTools\LibDataInput\LibDataInput.csproj", "{E7CCA9C4-88BB-4E65-B5AF-4BFE1C286F8F}"
EndProject
Project("{FAE04EC0-301F-11D3-BF4B-00C04F79EFBC}") = "CliMenu", "..\AppCliTools\CliMenu\CliMenu.csproj", "{86BF5ACD-D8D7-4A57-BFBD-EFCB4AB687C0}"
EndProject
Project("{FAE04EC0-301F-11D3-BF4B-00C04F79EFBC}") = "LibMenuInput", "..\AppCliTools\LibMenuInput\LibMenuInput.csproj", "{68A1661C-6131-4E35-8001-782288F38C4C}"
EndProject
Project("{2150E333-8FDC-42A3-9474-1A3956D46DE8}") = "ParametersManagement", "ParametersManagement", "{ACAB799E-CB74-2479-D557-839172118666}"
EndProject
Project("{FAE04EC0-301F-11D3-BF4B-00C04F79EFBC}") = "LibParameters", "..\ParametersManagement\LibParameters\LibParameters.csproj", "{932E31D1-DC33-46AC-9AEA-75625322F727}"
EndProject
Project("{FAE04EC0-301F-11D3-BF4B-00C04F79EFBC}") = "CliParameters", "..\AppCliTools\CliParameters\CliParameters.csproj", "{14E84403-B766-45D0-A840-14266528EE81}"
EndProject
Project("{FAE04EC0-301F-11D3-BF4B-00C04F79EFBC}") = "CliTools", "..\AppCliTools\CliTools\CliTools.csproj", "{4E049CFD-A72E-4247-B270-9FD651EBC57D}"
EndProject
Project("{2150E333-8FDC-42A3-9474-1A3956D46DE8}") = "DatabaseTools", "DatabaseTools", "{5119D0FD-DC6D-C807-E7A6-2CD0DF7A7C37}"
EndProject
Project("{FAE04EC0-301F-11D3-BF4B-00C04F79EFBC}") = "DbTools", "..\DatabaseTools\DbTools\DbTools.csproj", "{7467E6A1-14D3-4DFE-8057-1119D8C1C580}"
EndProject
Project("{FAE04EC0-301F-11D3-BF4B-00C04F79EFBC}") = "SqlServerDbTools", "..\DatabaseTools\SqlServerDbTools\SqlServerDbTools.csproj", "{8FFDA81A-8BAE-40C0-BF41-4432CAD9FD84}"
EndProject
Project("{FAE04EC0-301F-11D3-BF4B-00C04F79EFBC}") = "LibApiClientParameters", "..\ParametersManagement\LibApiClientParameters\LibApiClientParameters.csproj", "{3B79D1F0-7E7B-4C40-A045-439E9A96C82A}"
EndProject
Project("{FAE04EC0-301F-11D3-BF4B-00C04F79EFBC}") = "LibDatabaseParameters", "..\ParametersManagement\LibDatabaseParameters\LibDatabaseParameters.csproj", "{6A156BEC-7465-44EC-9624-A213AF652B1D}"
EndProject
Project("{FAE04EC0-301F-11D3-BF4B-00C04F79EFBC}") = "ApiClientsManagement", "..\ToolsManagement\ApiClientsManagement\ApiClientsManagement.csproj", "{1ACA44E9-3BBC-40C4-BAFC-C064BC6D5143}"
EndProject
Project("{FAE04EC0-301F-11D3-BF4B-00C04F79EFBC}") = "ApiContracts", "..\SystemTools\ApiContracts\ApiContracts.csproj", "{44E784B2-D660-4147-BE9C-F6EA8DE31382}"
EndProject
Project("{FAE04EC0-301F-11D3-BF4B-00C04F79EFBC}") = "StringMessagesApiContracts", "..\SystemTools\StringMessagesApiContracts\StringMessagesApiContracts.csproj", "{FBC2B2E2-7744-4111-BFD4-AFB2EEECC855}"
EndProject
Project("{2150E333-8FDC-42A3-9474-1A3956D46DE8}") = "WebAgentContracts", "WebAgentContracts", "{E1BB206C-2A66-296C-EE62-0FF0B0D25B42}"
EndProject
Project("{FAE04EC0-301F-11D3-BF4B-00C04F79EFBC}") = "WebAgentDatabasesApiContracts", "..\WebAgentContracts\WebAgentDatabasesApiContracts\WebAgentDatabasesApiContracts.csproj", "{28164186-58F1-48C3-8DF4-DBEB291F3069}"
EndProject
Project("{FAE04EC0-301F-11D3-BF4B-00C04F79EFBC}") = "LibFileParameters", "..\ParametersManagement\LibFileParameters\LibFileParameters.csproj", "{41D7E4E5-23BD-4A84-A0E4-A49E72497A31}"
EndProject
Project("{2150E333-8FDC-42A3-9474-1A3956D46DE8}") = "ConnectionTools", "ConnectionTools", "{356C5011-6BBA-85B4-8C29-B4E24DEAACDD}"
EndProject
Project("{FAE04EC0-301F-11D3-BF4B-00C04F79EFBC}") = "ConnectTools", "..\ConnectionTools\ConnectTools\ConnectTools.csproj", "{41EE0A0F-A30B-4F5A-BD74-609A2E460805}"
EndProject
Project("{FAE04EC0-301F-11D3-BF4B-00C04F79EFBC}") = "FTPTools", "..\ConnectionTools\FTPTools\FTPTools.csproj", "{B3438F17-0973-43B9-94E9-8799B6FA5EC6}"
EndProject
Project("{FAE04EC0-301F-11D3-BF4B-00C04F79EFBC}") = "CToolsFactory", "..\ConnectionTools\CToolsFactory\CToolsFactory.csproj", "{7F0BF7EA-8927-4A55-A113-0FF4DEAEADCE}"
EndProject
Project("{FAE04EC0-301F-11D3-BF4B-00C04F79EFBC}") = "FileManagersMain", "..\ToolsManagement\FileManagersMain\FileManagersMain.csproj", "{791A3787-C431-40E4-8B1F-9C5CF0E025A3}"
EndProject
Project("{FAE04EC0-301F-11D3-BF4B-00C04F79EFBC}") = "OleDbTools", "..\DatabaseTools\OleDbTools\OleDbTools.csproj", "{1B7A2D55-1E22-46AF-871A-EE9BB87A362C}"
EndProject
Project("{FAE04EC0-301F-11D3-BF4B-00C04F79EFBC}") = "SqLiteDbTools", "..\DatabaseTools\SqLiteDbTools\SqLiteDbTools.csproj", "{1C987F14-786A-4E44-9690-1522E9335E9F}"
EndProject
Project("{FAE04EC0-301F-11D3-BF4B-00C04F79EFBC}") = "DbToolsFactory", "..\DatabaseTools\DbToolsFactory\DbToolsFactory.csproj", "{57D75834-58EB-4036-AE26-D68C87F0E38E}"
EndProject
Project("{FAE04EC0-301F-11D3-BF4B-00C04F79EFBC}") = "DatabasesManagement", "..\ToolsManagement\DatabasesManagement\DatabasesManagement.csproj", "{0F7C1C8C-90C6-4653-B86F-C5535028D1DD}"
EndProject
Project("{FAE04EC0-301F-11D3-BF4B-00C04F79EFBC}") = "TestApiContracts", "..\SystemTools\TestApiContracts\TestApiContracts.csproj", "{845E222D-2915-4EB4-A9DE-83A2085E9D7A}"
EndProject
Project("{FAE04EC0-301F-11D3-BF4B-00C04F79EFBC}") = "CliParametersApiClientsEdit", "..\AppCliTools\CliParametersApiClientsEdit\CliParametersApiClientsEdit.csproj", "{D8C5734D-88D8-46BA-861C-097E5A818DD2}"
EndProject
Project("{FAE04EC0-301F-11D3-BF4B-00C04F79EFBC}") = "CliParametersEdit", "..\AppCliTools\CliParametersEdit\CliParametersEdit.csproj", "{A494DFA8-7B3F-4345-8F59-2AC900BFC2F3}"
EndProject
Project("{FAE04EC0-301F-11D3-BF4B-00C04F79EFBC}") = "CliParametersDataEdit", "..\AppCliTools\CliParametersDataEdit\CliParametersDataEdit.csproj", "{AF5B537C-74E2-4C1D-960E-F93F6425AEC9}"
EndProject
Project("{FAE04EC0-301F-11D3-BF4B-00C04F79EFBC}") = "CliToolsData", "..\AppCliTools\CliToolsData\CliToolsData.csproj", "{6B192A1A-72B8-4684-9693-BCC2BDF665D3}"
EndProject
Global
	GlobalSection(SolutionConfigurationPlatforms) = preSolution
		Debug|Any CPU = Debug|Any CPU
		Debug|x64 = Debug|x64
		Debug|x86 = Debug|x86
		Release|Any CPU = Release|Any CPU
		Release|x64 = Release|x64
		Release|x86 = Release|x86
	EndGlobalSection
	GlobalSection(ProjectConfigurationPlatforms) = postSolution
		{068B4A72-DB03-4C45-9195-1BE70A1752E3}.Debug|Any CPU.ActiveCfg = Debug|Any CPU
		{068B4A72-DB03-4C45-9195-1BE70A1752E3}.Debug|Any CPU.Build.0 = Debug|Any CPU
		{068B4A72-DB03-4C45-9195-1BE70A1752E3}.Debug|x64.ActiveCfg = Debug|Any CPU
		{068B4A72-DB03-4C45-9195-1BE70A1752E3}.Debug|x64.Build.0 = Debug|Any CPU
		{068B4A72-DB03-4C45-9195-1BE70A1752E3}.Debug|x86.ActiveCfg = Debug|Any CPU
		{068B4A72-DB03-4C45-9195-1BE70A1752E3}.Debug|x86.Build.0 = Debug|Any CPU
		{068B4A72-DB03-4C45-9195-1BE70A1752E3}.Release|Any CPU.ActiveCfg = Release|Any CPU
		{068B4A72-DB03-4C45-9195-1BE70A1752E3}.Release|Any CPU.Build.0 = Release|Any CPU
		{068B4A72-DB03-4C45-9195-1BE70A1752E3}.Release|x64.ActiveCfg = Release|Any CPU
		{068B4A72-DB03-4C45-9195-1BE70A1752E3}.Release|x64.Build.0 = Release|Any CPU
		{068B4A72-DB03-4C45-9195-1BE70A1752E3}.Release|x86.ActiveCfg = Release|Any CPU
		{068B4A72-DB03-4C45-9195-1BE70A1752E3}.Release|x86.Build.0 = Release|Any CPU
		{11ABAB51-3FB2-413D-9C1D-64E35BB10A24}.Debug|Any CPU.ActiveCfg = Debug|Any CPU
		{11ABAB51-3FB2-413D-9C1D-64E35BB10A24}.Debug|Any CPU.Build.0 = Debug|Any CPU
		{11ABAB51-3FB2-413D-9C1D-64E35BB10A24}.Debug|x64.ActiveCfg = Debug|Any CPU
		{11ABAB51-3FB2-413D-9C1D-64E35BB10A24}.Debug|x64.Build.0 = Debug|Any CPU
		{11ABAB51-3FB2-413D-9C1D-64E35BB10A24}.Debug|x86.ActiveCfg = Debug|Any CPU
		{11ABAB51-3FB2-413D-9C1D-64E35BB10A24}.Debug|x86.Build.0 = Debug|Any CPU
		{11ABAB51-3FB2-413D-9C1D-64E35BB10A24}.Release|Any CPU.ActiveCfg = Release|Any CPU
		{11ABAB51-3FB2-413D-9C1D-64E35BB10A24}.Release|Any CPU.Build.0 = Release|Any CPU
		{11ABAB51-3FB2-413D-9C1D-64E35BB10A24}.Release|x64.ActiveCfg = Release|Any CPU
		{11ABAB51-3FB2-413D-9C1D-64E35BB10A24}.Release|x64.Build.0 = Release|Any CPU
		{11ABAB51-3FB2-413D-9C1D-64E35BB10A24}.Release|x86.ActiveCfg = Release|Any CPU
		{11ABAB51-3FB2-413D-9C1D-64E35BB10A24}.Release|x86.Build.0 = Release|Any CPU
		{8E68120D-2606-4D28-B945-834B7F15893E}.Debug|Any CPU.ActiveCfg = Debug|Any CPU
		{8E68120D-2606-4D28-B945-834B7F15893E}.Debug|Any CPU.Build.0 = Debug|Any CPU
		{8E68120D-2606-4D28-B945-834B7F15893E}.Debug|x64.ActiveCfg = Debug|Any CPU
		{8E68120D-2606-4D28-B945-834B7F15893E}.Debug|x64.Build.0 = Debug|Any CPU
		{8E68120D-2606-4D28-B945-834B7F15893E}.Debug|x86.ActiveCfg = Debug|Any CPU
		{8E68120D-2606-4D28-B945-834B7F15893E}.Debug|x86.Build.0 = Debug|Any CPU
		{8E68120D-2606-4D28-B945-834B7F15893E}.Release|Any CPU.ActiveCfg = Release|Any CPU
		{8E68120D-2606-4D28-B945-834B7F15893E}.Release|Any CPU.Build.0 = Release|Any CPU
		{8E68120D-2606-4D28-B945-834B7F15893E}.Release|x64.ActiveCfg = Release|Any CPU
		{8E68120D-2606-4D28-B945-834B7F15893E}.Release|x64.Build.0 = Release|Any CPU
		{8E68120D-2606-4D28-B945-834B7F15893E}.Release|x86.ActiveCfg = Release|Any CPU
		{8E68120D-2606-4D28-B945-834B7F15893E}.Release|x86.Build.0 = Release|Any CPU
		{999A5EF1-6BDB-4B72-AD44-4EADC564190B}.Debug|Any CPU.ActiveCfg = Debug|Any CPU
		{999A5EF1-6BDB-4B72-AD44-4EADC564190B}.Debug|Any CPU.Build.0 = Debug|Any CPU
		{999A5EF1-6BDB-4B72-AD44-4EADC564190B}.Debug|x64.ActiveCfg = Debug|Any CPU
		{999A5EF1-6BDB-4B72-AD44-4EADC564190B}.Debug|x64.Build.0 = Debug|Any CPU
		{999A5EF1-6BDB-4B72-AD44-4EADC564190B}.Debug|x86.ActiveCfg = Debug|Any CPU
		{999A5EF1-6BDB-4B72-AD44-4EADC564190B}.Debug|x86.Build.0 = Debug|Any CPU
		{999A5EF1-6BDB-4B72-AD44-4EADC564190B}.Release|Any CPU.ActiveCfg = Release|Any CPU
		{999A5EF1-6BDB-4B72-AD44-4EADC564190B}.Release|Any CPU.Build.0 = Release|Any CPU
		{999A5EF1-6BDB-4B72-AD44-4EADC564190B}.Release|x64.ActiveCfg = Release|Any CPU
		{999A5EF1-6BDB-4B72-AD44-4EADC564190B}.Release|x64.Build.0 = Release|Any CPU
		{999A5EF1-6BDB-4B72-AD44-4EADC564190B}.Release|x86.ActiveCfg = Release|Any CPU
		{999A5EF1-6BDB-4B72-AD44-4EADC564190B}.Release|x86.Build.0 = Release|Any CPU
		{B5CC7D1E-9377-4FBF-B23A-4113EFF9A32A}.Debug|Any CPU.ActiveCfg = Debug|Any CPU
		{B5CC7D1E-9377-4FBF-B23A-4113EFF9A32A}.Debug|Any CPU.Build.0 = Debug|Any CPU
		{B5CC7D1E-9377-4FBF-B23A-4113EFF9A32A}.Debug|x64.ActiveCfg = Debug|Any CPU
		{B5CC7D1E-9377-4FBF-B23A-4113EFF9A32A}.Debug|x64.Build.0 = Debug|Any CPU
		{B5CC7D1E-9377-4FBF-B23A-4113EFF9A32A}.Debug|x86.ActiveCfg = Debug|Any CPU
		{B5CC7D1E-9377-4FBF-B23A-4113EFF9A32A}.Debug|x86.Build.0 = Debug|Any CPU
		{B5CC7D1E-9377-4FBF-B23A-4113EFF9A32A}.Release|Any CPU.ActiveCfg = Release|Any CPU
		{B5CC7D1E-9377-4FBF-B23A-4113EFF9A32A}.Release|Any CPU.Build.0 = Release|Any CPU
		{B5CC7D1E-9377-4FBF-B23A-4113EFF9A32A}.Release|x64.ActiveCfg = Release|Any CPU
		{B5CC7D1E-9377-4FBF-B23A-4113EFF9A32A}.Release|x64.Build.0 = Release|Any CPU
		{B5CC7D1E-9377-4FBF-B23A-4113EFF9A32A}.Release|x86.ActiveCfg = Release|Any CPU
		{B5CC7D1E-9377-4FBF-B23A-4113EFF9A32A}.Release|x86.Build.0 = Release|Any CPU
		{643AF6E4-04C2-469B-A939-2937D0278AF6}.Debug|Any CPU.ActiveCfg = Debug|Any CPU
		{643AF6E4-04C2-469B-A939-2937D0278AF6}.Debug|Any CPU.Build.0 = Debug|Any CPU
		{643AF6E4-04C2-469B-A939-2937D0278AF6}.Debug|x64.ActiveCfg = Debug|Any CPU
		{643AF6E4-04C2-469B-A939-2937D0278AF6}.Debug|x64.Build.0 = Debug|Any CPU
		{643AF6E4-04C2-469B-A939-2937D0278AF6}.Debug|x86.ActiveCfg = Debug|Any CPU
		{643AF6E4-04C2-469B-A939-2937D0278AF6}.Debug|x86.Build.0 = Debug|Any CPU
		{643AF6E4-04C2-469B-A939-2937D0278AF6}.Release|Any CPU.ActiveCfg = Release|Any CPU
		{643AF6E4-04C2-469B-A939-2937D0278AF6}.Release|Any CPU.Build.0 = Release|Any CPU
		{643AF6E4-04C2-469B-A939-2937D0278AF6}.Release|x64.ActiveCfg = Release|Any CPU
		{643AF6E4-04C2-469B-A939-2937D0278AF6}.Release|x64.Build.0 = Release|Any CPU
		{643AF6E4-04C2-469B-A939-2937D0278AF6}.Release|x86.ActiveCfg = Release|Any CPU
		{643AF6E4-04C2-469B-A939-2937D0278AF6}.Release|x86.Build.0 = Release|Any CPU
		{E7CCA9C4-88BB-4E65-B5AF-4BFE1C286F8F}.Debug|Any CPU.ActiveCfg = Debug|Any CPU
		{E7CCA9C4-88BB-4E65-B5AF-4BFE1C286F8F}.Debug|Any CPU.Build.0 = Debug|Any CPU
		{E7CCA9C4-88BB-4E65-B5AF-4BFE1C286F8F}.Debug|x64.ActiveCfg = Debug|Any CPU
		{E7CCA9C4-88BB-4E65-B5AF-4BFE1C286F8F}.Debug|x64.Build.0 = Debug|Any CPU
		{E7CCA9C4-88BB-4E65-B5AF-4BFE1C286F8F}.Debug|x86.ActiveCfg = Debug|Any CPU
		{E7CCA9C4-88BB-4E65-B5AF-4BFE1C286F8F}.Debug|x86.Build.0 = Debug|Any CPU
		{E7CCA9C4-88BB-4E65-B5AF-4BFE1C286F8F}.Release|Any CPU.ActiveCfg = Release|Any CPU
		{E7CCA9C4-88BB-4E65-B5AF-4BFE1C286F8F}.Release|Any CPU.Build.0 = Release|Any CPU
		{E7CCA9C4-88BB-4E65-B5AF-4BFE1C286F8F}.Release|x64.ActiveCfg = Release|Any CPU
		{E7CCA9C4-88BB-4E65-B5AF-4BFE1C286F8F}.Release|x64.Build.0 = Release|Any CPU
		{E7CCA9C4-88BB-4E65-B5AF-4BFE1C286F8F}.Release|x86.ActiveCfg = Release|Any CPU
		{E7CCA9C4-88BB-4E65-B5AF-4BFE1C286F8F}.Release|x86.Build.0 = Release|Any CPU
		{86BF5ACD-D8D7-4A57-BFBD-EFCB4AB687C0}.Debug|Any CPU.ActiveCfg = Debug|Any CPU
		{86BF5ACD-D8D7-4A57-BFBD-EFCB4AB687C0}.Debug|Any CPU.Build.0 = Debug|Any CPU
		{86BF5ACD-D8D7-4A57-BFBD-EFCB4AB687C0}.Debug|x64.ActiveCfg = Debug|Any CPU
		{86BF5ACD-D8D7-4A57-BFBD-EFCB4AB687C0}.Debug|x64.Build.0 = Debug|Any CPU
		{86BF5ACD-D8D7-4A57-BFBD-EFCB4AB687C0}.Debug|x86.ActiveCfg = Debug|Any CPU
		{86BF5ACD-D8D7-4A57-BFBD-EFCB4AB687C0}.Debug|x86.Build.0 = Debug|Any CPU
		{86BF5ACD-D8D7-4A57-BFBD-EFCB4AB687C0}.Release|Any CPU.ActiveCfg = Release|Any CPU
		{86BF5ACD-D8D7-4A57-BFBD-EFCB4AB687C0}.Release|Any CPU.Build.0 = Release|Any CPU
		{86BF5ACD-D8D7-4A57-BFBD-EFCB4AB687C0}.Release|x64.ActiveCfg = Release|Any CPU
		{86BF5ACD-D8D7-4A57-BFBD-EFCB4AB687C0}.Release|x64.Build.0 = Release|Any CPU
		{86BF5ACD-D8D7-4A57-BFBD-EFCB4AB687C0}.Release|x86.ActiveCfg = Release|Any CPU
		{86BF5ACD-D8D7-4A57-BFBD-EFCB4AB687C0}.Release|x86.Build.0 = Release|Any CPU
		{68A1661C-6131-4E35-8001-782288F38C4C}.Debug|Any CPU.ActiveCfg = Debug|Any CPU
		{68A1661C-6131-4E35-8001-782288F38C4C}.Debug|Any CPU.Build.0 = Debug|Any CPU
		{68A1661C-6131-4E35-8001-782288F38C4C}.Debug|x64.ActiveCfg = Debug|Any CPU
		{68A1661C-6131-4E35-8001-782288F38C4C}.Debug|x64.Build.0 = Debug|Any CPU
		{68A1661C-6131-4E35-8001-782288F38C4C}.Debug|x86.ActiveCfg = Debug|Any CPU
		{68A1661C-6131-4E35-8001-782288F38C4C}.Debug|x86.Build.0 = Debug|Any CPU
		{68A1661C-6131-4E35-8001-782288F38C4C}.Release|Any CPU.ActiveCfg = Release|Any CPU
		{68A1661C-6131-4E35-8001-782288F38C4C}.Release|Any CPU.Build.0 = Release|Any CPU
		{68A1661C-6131-4E35-8001-782288F38C4C}.Release|x64.ActiveCfg = Release|Any CPU
		{68A1661C-6131-4E35-8001-782288F38C4C}.Release|x64.Build.0 = Release|Any CPU
		{68A1661C-6131-4E35-8001-782288F38C4C}.Release|x86.ActiveCfg = Release|Any CPU
		{68A1661C-6131-4E35-8001-782288F38C4C}.Release|x86.Build.0 = Release|Any CPU
		{932E31D1-DC33-46AC-9AEA-75625322F727}.Debug|Any CPU.ActiveCfg = Debug|Any CPU
		{932E31D1-DC33-46AC-9AEA-75625322F727}.Debug|Any CPU.Build.0 = Debug|Any CPU
		{932E31D1-DC33-46AC-9AEA-75625322F727}.Debug|x64.ActiveCfg = Debug|Any CPU
		{932E31D1-DC33-46AC-9AEA-75625322F727}.Debug|x64.Build.0 = Debug|Any CPU
		{932E31D1-DC33-46AC-9AEA-75625322F727}.Debug|x86.ActiveCfg = Debug|Any CPU
		{932E31D1-DC33-46AC-9AEA-75625322F727}.Debug|x86.Build.0 = Debug|Any CPU
		{932E31D1-DC33-46AC-9AEA-75625322F727}.Release|Any CPU.ActiveCfg = Release|Any CPU
		{932E31D1-DC33-46AC-9AEA-75625322F727}.Release|Any CPU.Build.0 = Release|Any CPU
		{932E31D1-DC33-46AC-9AEA-75625322F727}.Release|x64.ActiveCfg = Release|Any CPU
		{932E31D1-DC33-46AC-9AEA-75625322F727}.Release|x64.Build.0 = Release|Any CPU
		{932E31D1-DC33-46AC-9AEA-75625322F727}.Release|x86.ActiveCfg = Release|Any CPU
		{932E31D1-DC33-46AC-9AEA-75625322F727}.Release|x86.Build.0 = Release|Any CPU
		{14E84403-B766-45D0-A840-14266528EE81}.Debug|Any CPU.ActiveCfg = Debug|Any CPU
		{14E84403-B766-45D0-A840-14266528EE81}.Debug|Any CPU.Build.0 = Debug|Any CPU
		{14E84403-B766-45D0-A840-14266528EE81}.Debug|x64.ActiveCfg = Debug|Any CPU
		{14E84403-B766-45D0-A840-14266528EE81}.Debug|x64.Build.0 = Debug|Any CPU
		{14E84403-B766-45D0-A840-14266528EE81}.Debug|x86.ActiveCfg = Debug|Any CPU
		{14E84403-B766-45D0-A840-14266528EE81}.Debug|x86.Build.0 = Debug|Any CPU
		{14E84403-B766-45D0-A840-14266528EE81}.Release|Any CPU.ActiveCfg = Release|Any CPU
		{14E84403-B766-45D0-A840-14266528EE81}.Release|Any CPU.Build.0 = Release|Any CPU
		{14E84403-B766-45D0-A840-14266528EE81}.Release|x64.ActiveCfg = Release|Any CPU
		{14E84403-B766-45D0-A840-14266528EE81}.Release|x64.Build.0 = Release|Any CPU
		{14E84403-B766-45D0-A840-14266528EE81}.Release|x86.ActiveCfg = Release|Any CPU
		{14E84403-B766-45D0-A840-14266528EE81}.Release|x86.Build.0 = Release|Any CPU
		{4E049CFD-A72E-4247-B270-9FD651EBC57D}.Debug|Any CPU.ActiveCfg = Debug|Any CPU
		{4E049CFD-A72E-4247-B270-9FD651EBC57D}.Debug|Any CPU.Build.0 = Debug|Any CPU
		{4E049CFD-A72E-4247-B270-9FD651EBC57D}.Debug|x64.ActiveCfg = Debug|Any CPU
		{4E049CFD-A72E-4247-B270-9FD651EBC57D}.Debug|x64.Build.0 = Debug|Any CPU
		{4E049CFD-A72E-4247-B270-9FD651EBC57D}.Debug|x86.ActiveCfg = Debug|Any CPU
		{4E049CFD-A72E-4247-B270-9FD651EBC57D}.Debug|x86.Build.0 = Debug|Any CPU
		{4E049CFD-A72E-4247-B270-9FD651EBC57D}.Release|Any CPU.ActiveCfg = Release|Any CPU
		{4E049CFD-A72E-4247-B270-9FD651EBC57D}.Release|Any CPU.Build.0 = Release|Any CPU
		{4E049CFD-A72E-4247-B270-9FD651EBC57D}.Release|x64.ActiveCfg = Release|Any CPU
		{4E049CFD-A72E-4247-B270-9FD651EBC57D}.Release|x64.Build.0 = Release|Any CPU
		{4E049CFD-A72E-4247-B270-9FD651EBC57D}.Release|x86.ActiveCfg = Release|Any CPU
		{4E049CFD-A72E-4247-B270-9FD651EBC57D}.Release|x86.Build.0 = Release|Any CPU
		{7467E6A1-14D3-4DFE-8057-1119D8C1C580}.Debug|Any CPU.ActiveCfg = Debug|Any CPU
		{7467E6A1-14D3-4DFE-8057-1119D8C1C580}.Debug|Any CPU.Build.0 = Debug|Any CPU
		{7467E6A1-14D3-4DFE-8057-1119D8C1C580}.Debug|x64.ActiveCfg = Debug|Any CPU
		{7467E6A1-14D3-4DFE-8057-1119D8C1C580}.Debug|x64.Build.0 = Debug|Any CPU
		{7467E6A1-14D3-4DFE-8057-1119D8C1C580}.Debug|x86.ActiveCfg = Debug|Any CPU
		{7467E6A1-14D3-4DFE-8057-1119D8C1C580}.Debug|x86.Build.0 = Debug|Any CPU
		{7467E6A1-14D3-4DFE-8057-1119D8C1C580}.Release|Any CPU.ActiveCfg = Release|Any CPU
		{7467E6A1-14D3-4DFE-8057-1119D8C1C580}.Release|Any CPU.Build.0 = Release|Any CPU
		{7467E6A1-14D3-4DFE-8057-1119D8C1C580}.Release|x64.ActiveCfg = Release|Any CPU
		{7467E6A1-14D3-4DFE-8057-1119D8C1C580}.Release|x64.Build.0 = Release|Any CPU
		{7467E6A1-14D3-4DFE-8057-1119D8C1C580}.Release|x86.ActiveCfg = Release|Any CPU
		{7467E6A1-14D3-4DFE-8057-1119D8C1C580}.Release|x86.Build.0 = Release|Any CPU
		{8FFDA81A-8BAE-40C0-BF41-4432CAD9FD84}.Debug|Any CPU.ActiveCfg = Debug|Any CPU
		{8FFDA81A-8BAE-40C0-BF41-4432CAD9FD84}.Debug|Any CPU.Build.0 = Debug|Any CPU
		{8FFDA81A-8BAE-40C0-BF41-4432CAD9FD84}.Debug|x64.ActiveCfg = Debug|Any CPU
		{8FFDA81A-8BAE-40C0-BF41-4432CAD9FD84}.Debug|x64.Build.0 = Debug|Any CPU
		{8FFDA81A-8BAE-40C0-BF41-4432CAD9FD84}.Debug|x86.ActiveCfg = Debug|Any CPU
		{8FFDA81A-8BAE-40C0-BF41-4432CAD9FD84}.Debug|x86.Build.0 = Debug|Any CPU
		{8FFDA81A-8BAE-40C0-BF41-4432CAD9FD84}.Release|Any CPU.ActiveCfg = Release|Any CPU
		{8FFDA81A-8BAE-40C0-BF41-4432CAD9FD84}.Release|Any CPU.Build.0 = Release|Any CPU
		{8FFDA81A-8BAE-40C0-BF41-4432CAD9FD84}.Release|x64.ActiveCfg = Release|Any CPU
		{8FFDA81A-8BAE-40C0-BF41-4432CAD9FD84}.Release|x64.Build.0 = Release|Any CPU
		{8FFDA81A-8BAE-40C0-BF41-4432CAD9FD84}.Release|x86.ActiveCfg = Release|Any CPU
		{8FFDA81A-8BAE-40C0-BF41-4432CAD9FD84}.Release|x86.Build.0 = Release|Any CPU
		{3B79D1F0-7E7B-4C40-A045-439E9A96C82A}.Debug|Any CPU.ActiveCfg = Debug|Any CPU
		{3B79D1F0-7E7B-4C40-A045-439E9A96C82A}.Debug|Any CPU.Build.0 = Debug|Any CPU
		{3B79D1F0-7E7B-4C40-A045-439E9A96C82A}.Debug|x64.ActiveCfg = Debug|Any CPU
		{3B79D1F0-7E7B-4C40-A045-439E9A96C82A}.Debug|x64.Build.0 = Debug|Any CPU
		{3B79D1F0-7E7B-4C40-A045-439E9A96C82A}.Debug|x86.ActiveCfg = Debug|Any CPU
		{3B79D1F0-7E7B-4C40-A045-439E9A96C82A}.Debug|x86.Build.0 = Debug|Any CPU
		{3B79D1F0-7E7B-4C40-A045-439E9A96C82A}.Release|Any CPU.ActiveCfg = Release|Any CPU
		{3B79D1F0-7E7B-4C40-A045-439E9A96C82A}.Release|Any CPU.Build.0 = Release|Any CPU
		{3B79D1F0-7E7B-4C40-A045-439E9A96C82A}.Release|x64.ActiveCfg = Release|Any CPU
		{3B79D1F0-7E7B-4C40-A045-439E9A96C82A}.Release|x64.Build.0 = Release|Any CPU
		{3B79D1F0-7E7B-4C40-A045-439E9A96C82A}.Release|x86.ActiveCfg = Release|Any CPU
		{3B79D1F0-7E7B-4C40-A045-439E9A96C82A}.Release|x86.Build.0 = Release|Any CPU
		{6A156BEC-7465-44EC-9624-A213AF652B1D}.Debug|Any CPU.ActiveCfg = Debug|Any CPU
		{6A156BEC-7465-44EC-9624-A213AF652B1D}.Debug|Any CPU.Build.0 = Debug|Any CPU
		{6A156BEC-7465-44EC-9624-A213AF652B1D}.Debug|x64.ActiveCfg = Debug|Any CPU
		{6A156BEC-7465-44EC-9624-A213AF652B1D}.Debug|x64.Build.0 = Debug|Any CPU
		{6A156BEC-7465-44EC-9624-A213AF652B1D}.Debug|x86.ActiveCfg = Debug|Any CPU
		{6A156BEC-7465-44EC-9624-A213AF652B1D}.Debug|x86.Build.0 = Debug|Any CPU
		{6A156BEC-7465-44EC-9624-A213AF652B1D}.Release|Any CPU.ActiveCfg = Release|Any CPU
		{6A156BEC-7465-44EC-9624-A213AF652B1D}.Release|Any CPU.Build.0 = Release|Any CPU
		{6A156BEC-7465-44EC-9624-A213AF652B1D}.Release|x64.ActiveCfg = Release|Any CPU
		{6A156BEC-7465-44EC-9624-A213AF652B1D}.Release|x64.Build.0 = Release|Any CPU
		{6A156BEC-7465-44EC-9624-A213AF652B1D}.Release|x86.ActiveCfg = Release|Any CPU
		{6A156BEC-7465-44EC-9624-A213AF652B1D}.Release|x86.Build.0 = Release|Any CPU
		{1ACA44E9-3BBC-40C4-BAFC-C064BC6D5143}.Debug|Any CPU.ActiveCfg = Debug|Any CPU
		{1ACA44E9-3BBC-40C4-BAFC-C064BC6D5143}.Debug|Any CPU.Build.0 = Debug|Any CPU
		{1ACA44E9-3BBC-40C4-BAFC-C064BC6D5143}.Debug|x64.ActiveCfg = Debug|Any CPU
		{1ACA44E9-3BBC-40C4-BAFC-C064BC6D5143}.Debug|x64.Build.0 = Debug|Any CPU
		{1ACA44E9-3BBC-40C4-BAFC-C064BC6D5143}.Debug|x86.ActiveCfg = Debug|Any CPU
		{1ACA44E9-3BBC-40C4-BAFC-C064BC6D5143}.Debug|x86.Build.0 = Debug|Any CPU
		{1ACA44E9-3BBC-40C4-BAFC-C064BC6D5143}.Release|Any CPU.ActiveCfg = Release|Any CPU
		{1ACA44E9-3BBC-40C4-BAFC-C064BC6D5143}.Release|Any CPU.Build.0 = Release|Any CPU
		{1ACA44E9-3BBC-40C4-BAFC-C064BC6D5143}.Release|x64.ActiveCfg = Release|Any CPU
		{1ACA44E9-3BBC-40C4-BAFC-C064BC6D5143}.Release|x64.Build.0 = Release|Any CPU
		{1ACA44E9-3BBC-40C4-BAFC-C064BC6D5143}.Release|x86.ActiveCfg = Release|Any CPU
		{1ACA44E9-3BBC-40C4-BAFC-C064BC6D5143}.Release|x86.Build.0 = Release|Any CPU
		{44E784B2-D660-4147-BE9C-F6EA8DE31382}.Debug|Any CPU.ActiveCfg = Debug|Any CPU
		{44E784B2-D660-4147-BE9C-F6EA8DE31382}.Debug|Any CPU.Build.0 = Debug|Any CPU
		{44E784B2-D660-4147-BE9C-F6EA8DE31382}.Debug|x64.ActiveCfg = Debug|Any CPU
		{44E784B2-D660-4147-BE9C-F6EA8DE31382}.Debug|x64.Build.0 = Debug|Any CPU
		{44E784B2-D660-4147-BE9C-F6EA8DE31382}.Debug|x86.ActiveCfg = Debug|Any CPU
		{44E784B2-D660-4147-BE9C-F6EA8DE31382}.Debug|x86.Build.0 = Debug|Any CPU
		{44E784B2-D660-4147-BE9C-F6EA8DE31382}.Release|Any CPU.ActiveCfg = Release|Any CPU
		{44E784B2-D660-4147-BE9C-F6EA8DE31382}.Release|Any CPU.Build.0 = Release|Any CPU
		{44E784B2-D660-4147-BE9C-F6EA8DE31382}.Release|x64.ActiveCfg = Release|Any CPU
		{44E784B2-D660-4147-BE9C-F6EA8DE31382}.Release|x64.Build.0 = Release|Any CPU
		{44E784B2-D660-4147-BE9C-F6EA8DE31382}.Release|x86.ActiveCfg = Release|Any CPU
		{44E784B2-D660-4147-BE9C-F6EA8DE31382}.Release|x86.Build.0 = Release|Any CPU
		{FBC2B2E2-7744-4111-BFD4-AFB2EEECC855}.Debug|Any CPU.ActiveCfg = Debug|Any CPU
		{FBC2B2E2-7744-4111-BFD4-AFB2EEECC855}.Debug|Any CPU.Build.0 = Debug|Any CPU
		{FBC2B2E2-7744-4111-BFD4-AFB2EEECC855}.Debug|x64.ActiveCfg = Debug|Any CPU
		{FBC2B2E2-7744-4111-BFD4-AFB2EEECC855}.Debug|x64.Build.0 = Debug|Any CPU
		{FBC2B2E2-7744-4111-BFD4-AFB2EEECC855}.Debug|x86.ActiveCfg = Debug|Any CPU
		{FBC2B2E2-7744-4111-BFD4-AFB2EEECC855}.Debug|x86.Build.0 = Debug|Any CPU
		{FBC2B2E2-7744-4111-BFD4-AFB2EEECC855}.Release|Any CPU.ActiveCfg = Release|Any CPU
		{FBC2B2E2-7744-4111-BFD4-AFB2EEECC855}.Release|Any CPU.Build.0 = Release|Any CPU
		{FBC2B2E2-7744-4111-BFD4-AFB2EEECC855}.Release|x64.ActiveCfg = Release|Any CPU
		{FBC2B2E2-7744-4111-BFD4-AFB2EEECC855}.Release|x64.Build.0 = Release|Any CPU
		{FBC2B2E2-7744-4111-BFD4-AFB2EEECC855}.Release|x86.ActiveCfg = Release|Any CPU
		{FBC2B2E2-7744-4111-BFD4-AFB2EEECC855}.Release|x86.Build.0 = Release|Any CPU
		{28164186-58F1-48C3-8DF4-DBEB291F3069}.Debug|Any CPU.ActiveCfg = Debug|Any CPU
		{28164186-58F1-48C3-8DF4-DBEB291F3069}.Debug|Any CPU.Build.0 = Debug|Any CPU
		{28164186-58F1-48C3-8DF4-DBEB291F3069}.Debug|x64.ActiveCfg = Debug|Any CPU
		{28164186-58F1-48C3-8DF4-DBEB291F3069}.Debug|x64.Build.0 = Debug|Any CPU
		{28164186-58F1-48C3-8DF4-DBEB291F3069}.Debug|x86.ActiveCfg = Debug|Any CPU
		{28164186-58F1-48C3-8DF4-DBEB291F3069}.Debug|x86.Build.0 = Debug|Any CPU
		{28164186-58F1-48C3-8DF4-DBEB291F3069}.Release|Any CPU.ActiveCfg = Release|Any CPU
		{28164186-58F1-48C3-8DF4-DBEB291F3069}.Release|Any CPU.Build.0 = Release|Any CPU
		{28164186-58F1-48C3-8DF4-DBEB291F3069}.Release|x64.ActiveCfg = Release|Any CPU
		{28164186-58F1-48C3-8DF4-DBEB291F3069}.Release|x64.Build.0 = Release|Any CPU
		{28164186-58F1-48C3-8DF4-DBEB291F3069}.Release|x86.ActiveCfg = Release|Any CPU
		{28164186-58F1-48C3-8DF4-DBEB291F3069}.Release|x86.Build.0 = Release|Any CPU
		{41D7E4E5-23BD-4A84-A0E4-A49E72497A31}.Debug|Any CPU.ActiveCfg = Debug|Any CPU
		{41D7E4E5-23BD-4A84-A0E4-A49E72497A31}.Debug|Any CPU.Build.0 = Debug|Any CPU
		{41D7E4E5-23BD-4A84-A0E4-A49E72497A31}.Debug|x64.ActiveCfg = Debug|Any CPU
		{41D7E4E5-23BD-4A84-A0E4-A49E72497A31}.Debug|x64.Build.0 = Debug|Any CPU
		{41D7E4E5-23BD-4A84-A0E4-A49E72497A31}.Debug|x86.ActiveCfg = Debug|Any CPU
		{41D7E4E5-23BD-4A84-A0E4-A49E72497A31}.Debug|x86.Build.0 = Debug|Any CPU
		{41D7E4E5-23BD-4A84-A0E4-A49E72497A31}.Release|Any CPU.ActiveCfg = Release|Any CPU
		{41D7E4E5-23BD-4A84-A0E4-A49E72497A31}.Release|Any CPU.Build.0 = Release|Any CPU
		{41D7E4E5-23BD-4A84-A0E4-A49E72497A31}.Release|x64.ActiveCfg = Release|Any CPU
		{41D7E4E5-23BD-4A84-A0E4-A49E72497A31}.Release|x64.Build.0 = Release|Any CPU
		{41D7E4E5-23BD-4A84-A0E4-A49E72497A31}.Release|x86.ActiveCfg = Release|Any CPU
		{41D7E4E5-23BD-4A84-A0E4-A49E72497A31}.Release|x86.Build.0 = Release|Any CPU
		{41EE0A0F-A30B-4F5A-BD74-609A2E460805}.Debug|Any CPU.ActiveCfg = Debug|Any CPU
		{41EE0A0F-A30B-4F5A-BD74-609A2E460805}.Debug|Any CPU.Build.0 = Debug|Any CPU
		{41EE0A0F-A30B-4F5A-BD74-609A2E460805}.Debug|x64.ActiveCfg = Debug|Any CPU
		{41EE0A0F-A30B-4F5A-BD74-609A2E460805}.Debug|x64.Build.0 = Debug|Any CPU
		{41EE0A0F-A30B-4F5A-BD74-609A2E460805}.Debug|x86.ActiveCfg = Debug|Any CPU
		{41EE0A0F-A30B-4F5A-BD74-609A2E460805}.Debug|x86.Build.0 = Debug|Any CPU
		{41EE0A0F-A30B-4F5A-BD74-609A2E460805}.Release|Any CPU.ActiveCfg = Release|Any CPU
		{41EE0A0F-A30B-4F5A-BD74-609A2E460805}.Release|Any CPU.Build.0 = Release|Any CPU
		{41EE0A0F-A30B-4F5A-BD74-609A2E460805}.Release|x64.ActiveCfg = Release|Any CPU
		{41EE0A0F-A30B-4F5A-BD74-609A2E460805}.Release|x64.Build.0 = Release|Any CPU
		{41EE0A0F-A30B-4F5A-BD74-609A2E460805}.Release|x86.ActiveCfg = Release|Any CPU
		{41EE0A0F-A30B-4F5A-BD74-609A2E460805}.Release|x86.Build.0 = Release|Any CPU
		{B3438F17-0973-43B9-94E9-8799B6FA5EC6}.Debug|Any CPU.ActiveCfg = Debug|Any CPU
		{B3438F17-0973-43B9-94E9-8799B6FA5EC6}.Debug|Any CPU.Build.0 = Debug|Any CPU
		{B3438F17-0973-43B9-94E9-8799B6FA5EC6}.Debug|x64.ActiveCfg = Debug|Any CPU
		{B3438F17-0973-43B9-94E9-8799B6FA5EC6}.Debug|x64.Build.0 = Debug|Any CPU
		{B3438F17-0973-43B9-94E9-8799B6FA5EC6}.Debug|x86.ActiveCfg = Debug|Any CPU
		{B3438F17-0973-43B9-94E9-8799B6FA5EC6}.Debug|x86.Build.0 = Debug|Any CPU
		{B3438F17-0973-43B9-94E9-8799B6FA5EC6}.Release|Any CPU.ActiveCfg = Release|Any CPU
		{B3438F17-0973-43B9-94E9-8799B6FA5EC6}.Release|Any CPU.Build.0 = Release|Any CPU
		{B3438F17-0973-43B9-94E9-8799B6FA5EC6}.Release|x64.ActiveCfg = Release|Any CPU
		{B3438F17-0973-43B9-94E9-8799B6FA5EC6}.Release|x64.Build.0 = Release|Any CPU
		{B3438F17-0973-43B9-94E9-8799B6FA5EC6}.Release|x86.ActiveCfg = Release|Any CPU
		{B3438F17-0973-43B9-94E9-8799B6FA5EC6}.Release|x86.Build.0 = Release|Any CPU
		{7F0BF7EA-8927-4A55-A113-0FF4DEAEADCE}.Debug|Any CPU.ActiveCfg = Debug|Any CPU
		{7F0BF7EA-8927-4A55-A113-0FF4DEAEADCE}.Debug|Any CPU.Build.0 = Debug|Any CPU
		{7F0BF7EA-8927-4A55-A113-0FF4DEAEADCE}.Debug|x64.ActiveCfg = Debug|Any CPU
		{7F0BF7EA-8927-4A55-A113-0FF4DEAEADCE}.Debug|x64.Build.0 = Debug|Any CPU
		{7F0BF7EA-8927-4A55-A113-0FF4DEAEADCE}.Debug|x86.ActiveCfg = Debug|Any CPU
		{7F0BF7EA-8927-4A55-A113-0FF4DEAEADCE}.Debug|x86.Build.0 = Debug|Any CPU
		{7F0BF7EA-8927-4A55-A113-0FF4DEAEADCE}.Release|Any CPU.ActiveCfg = Release|Any CPU
		{7F0BF7EA-8927-4A55-A113-0FF4DEAEADCE}.Release|Any CPU.Build.0 = Release|Any CPU
		{7F0BF7EA-8927-4A55-A113-0FF4DEAEADCE}.Release|x64.ActiveCfg = Release|Any CPU
		{7F0BF7EA-8927-4A55-A113-0FF4DEAEADCE}.Release|x64.Build.0 = Release|Any CPU
		{7F0BF7EA-8927-4A55-A113-0FF4DEAEADCE}.Release|x86.ActiveCfg = Release|Any CPU
		{7F0BF7EA-8927-4A55-A113-0FF4DEAEADCE}.Release|x86.Build.0 = Release|Any CPU
		{791A3787-C431-40E4-8B1F-9C5CF0E025A3}.Debug|Any CPU.ActiveCfg = Debug|Any CPU
		{791A3787-C431-40E4-8B1F-9C5CF0E025A3}.Debug|Any CPU.Build.0 = Debug|Any CPU
		{791A3787-C431-40E4-8B1F-9C5CF0E025A3}.Debug|x64.ActiveCfg = Debug|Any CPU
		{791A3787-C431-40E4-8B1F-9C5CF0E025A3}.Debug|x64.Build.0 = Debug|Any CPU
		{791A3787-C431-40E4-8B1F-9C5CF0E025A3}.Debug|x86.ActiveCfg = Debug|Any CPU
		{791A3787-C431-40E4-8B1F-9C5CF0E025A3}.Debug|x86.Build.0 = Debug|Any CPU
		{791A3787-C431-40E4-8B1F-9C5CF0E025A3}.Release|Any CPU.ActiveCfg = Release|Any CPU
		{791A3787-C431-40E4-8B1F-9C5CF0E025A3}.Release|Any CPU.Build.0 = Release|Any CPU
		{791A3787-C431-40E4-8B1F-9C5CF0E025A3}.Release|x64.ActiveCfg = Release|Any CPU
		{791A3787-C431-40E4-8B1F-9C5CF0E025A3}.Release|x64.Build.0 = Release|Any CPU
		{791A3787-C431-40E4-8B1F-9C5CF0E025A3}.Release|x86.ActiveCfg = Release|Any CPU
		{791A3787-C431-40E4-8B1F-9C5CF0E025A3}.Release|x86.Build.0 = Release|Any CPU
		{1B7A2D55-1E22-46AF-871A-EE9BB87A362C}.Debug|Any CPU.ActiveCfg = Debug|Any CPU
		{1B7A2D55-1E22-46AF-871A-EE9BB87A362C}.Debug|Any CPU.Build.0 = Debug|Any CPU
		{1B7A2D55-1E22-46AF-871A-EE9BB87A362C}.Debug|x64.ActiveCfg = Debug|Any CPU
		{1B7A2D55-1E22-46AF-871A-EE9BB87A362C}.Debug|x64.Build.0 = Debug|Any CPU
		{1B7A2D55-1E22-46AF-871A-EE9BB87A362C}.Debug|x86.ActiveCfg = Debug|Any CPU
		{1B7A2D55-1E22-46AF-871A-EE9BB87A362C}.Debug|x86.Build.0 = Debug|Any CPU
		{1B7A2D55-1E22-46AF-871A-EE9BB87A362C}.Release|Any CPU.ActiveCfg = Release|Any CPU
		{1B7A2D55-1E22-46AF-871A-EE9BB87A362C}.Release|Any CPU.Build.0 = Release|Any CPU
		{1B7A2D55-1E22-46AF-871A-EE9BB87A362C}.Release|x64.ActiveCfg = Release|Any CPU
		{1B7A2D55-1E22-46AF-871A-EE9BB87A362C}.Release|x64.Build.0 = Release|Any CPU
		{1B7A2D55-1E22-46AF-871A-EE9BB87A362C}.Release|x86.ActiveCfg = Release|Any CPU
		{1B7A2D55-1E22-46AF-871A-EE9BB87A362C}.Release|x86.Build.0 = Release|Any CPU
		{1C987F14-786A-4E44-9690-1522E9335E9F}.Debug|Any CPU.ActiveCfg = Debug|Any CPU
		{1C987F14-786A-4E44-9690-1522E9335E9F}.Debug|Any CPU.Build.0 = Debug|Any CPU
		{1C987F14-786A-4E44-9690-1522E9335E9F}.Debug|x64.ActiveCfg = Debug|Any CPU
		{1C987F14-786A-4E44-9690-1522E9335E9F}.Debug|x64.Build.0 = Debug|Any CPU
		{1C987F14-786A-4E44-9690-1522E9335E9F}.Debug|x86.ActiveCfg = Debug|Any CPU
		{1C987F14-786A-4E44-9690-1522E9335E9F}.Debug|x86.Build.0 = Debug|Any CPU
		{1C987F14-786A-4E44-9690-1522E9335E9F}.Release|Any CPU.ActiveCfg = Release|Any CPU
		{1C987F14-786A-4E44-9690-1522E9335E9F}.Release|Any CPU.Build.0 = Release|Any CPU
		{1C987F14-786A-4E44-9690-1522E9335E9F}.Release|x64.ActiveCfg = Release|Any CPU
		{1C987F14-786A-4E44-9690-1522E9335E9F}.Release|x64.Build.0 = Release|Any CPU
		{1C987F14-786A-4E44-9690-1522E9335E9F}.Release|x86.ActiveCfg = Release|Any CPU
		{1C987F14-786A-4E44-9690-1522E9335E9F}.Release|x86.Build.0 = Release|Any CPU
		{57D75834-58EB-4036-AE26-D68C87F0E38E}.Debug|Any CPU.ActiveCfg = Debug|Any CPU
		{57D75834-58EB-4036-AE26-D68C87F0E38E}.Debug|Any CPU.Build.0 = Debug|Any CPU
		{57D75834-58EB-4036-AE26-D68C87F0E38E}.Debug|x64.ActiveCfg = Debug|Any CPU
		{57D75834-58EB-4036-AE26-D68C87F0E38E}.Debug|x64.Build.0 = Debug|Any CPU
		{57D75834-58EB-4036-AE26-D68C87F0E38E}.Debug|x86.ActiveCfg = Debug|Any CPU
		{57D75834-58EB-4036-AE26-D68C87F0E38E}.Debug|x86.Build.0 = Debug|Any CPU
		{57D75834-58EB-4036-AE26-D68C87F0E38E}.Release|Any CPU.ActiveCfg = Release|Any CPU
		{57D75834-58EB-4036-AE26-D68C87F0E38E}.Release|Any CPU.Build.0 = Release|Any CPU
		{57D75834-58EB-4036-AE26-D68C87F0E38E}.Release|x64.ActiveCfg = Release|Any CPU
		{57D75834-58EB-4036-AE26-D68C87F0E38E}.Release|x64.Build.0 = Release|Any CPU
		{57D75834-58EB-4036-AE26-D68C87F0E38E}.Release|x86.ActiveCfg = Release|Any CPU
		{57D75834-58EB-4036-AE26-D68C87F0E38E}.Release|x86.Build.0 = Release|Any CPU
		{0F7C1C8C-90C6-4653-B86F-C5535028D1DD}.Debug|Any CPU.ActiveCfg = Debug|Any CPU
		{0F7C1C8C-90C6-4653-B86F-C5535028D1DD}.Debug|Any CPU.Build.0 = Debug|Any CPU
		{0F7C1C8C-90C6-4653-B86F-C5535028D1DD}.Debug|x64.ActiveCfg = Debug|Any CPU
		{0F7C1C8C-90C6-4653-B86F-C5535028D1DD}.Debug|x64.Build.0 = Debug|Any CPU
		{0F7C1C8C-90C6-4653-B86F-C5535028D1DD}.Debug|x86.ActiveCfg = Debug|Any CPU
		{0F7C1C8C-90C6-4653-B86F-C5535028D1DD}.Debug|x86.Build.0 = Debug|Any CPU
		{0F7C1C8C-90C6-4653-B86F-C5535028D1DD}.Release|Any CPU.ActiveCfg = Release|Any CPU
		{0F7C1C8C-90C6-4653-B86F-C5535028D1DD}.Release|Any CPU.Build.0 = Release|Any CPU
		{0F7C1C8C-90C6-4653-B86F-C5535028D1DD}.Release|x64.ActiveCfg = Release|Any CPU
		{0F7C1C8C-90C6-4653-B86F-C5535028D1DD}.Release|x64.Build.0 = Release|Any CPU
		{0F7C1C8C-90C6-4653-B86F-C5535028D1DD}.Release|x86.ActiveCfg = Release|Any CPU
		{0F7C1C8C-90C6-4653-B86F-C5535028D1DD}.Release|x86.Build.0 = Release|Any CPU
		{845E222D-2915-4EB4-A9DE-83A2085E9D7A}.Debug|Any CPU.ActiveCfg = Debug|Any CPU
		{845E222D-2915-4EB4-A9DE-83A2085E9D7A}.Debug|Any CPU.Build.0 = Debug|Any CPU
		{845E222D-2915-4EB4-A9DE-83A2085E9D7A}.Debug|x64.ActiveCfg = Debug|Any CPU
		{845E222D-2915-4EB4-A9DE-83A2085E9D7A}.Debug|x64.Build.0 = Debug|Any CPU
		{845E222D-2915-4EB4-A9DE-83A2085E9D7A}.Debug|x86.ActiveCfg = Debug|Any CPU
		{845E222D-2915-4EB4-A9DE-83A2085E9D7A}.Debug|x86.Build.0 = Debug|Any CPU
		{845E222D-2915-4EB4-A9DE-83A2085E9D7A}.Release|Any CPU.ActiveCfg = Release|Any CPU
		{845E222D-2915-4EB4-A9DE-83A2085E9D7A}.Release|Any CPU.Build.0 = Release|Any CPU
		{845E222D-2915-4EB4-A9DE-83A2085E9D7A}.Release|x64.ActiveCfg = Release|Any CPU
		{845E222D-2915-4EB4-A9DE-83A2085E9D7A}.Release|x64.Build.0 = Release|Any CPU
		{845E222D-2915-4EB4-A9DE-83A2085E9D7A}.Release|x86.ActiveCfg = Release|Any CPU
		{845E222D-2915-4EB4-A9DE-83A2085E9D7A}.Release|x86.Build.0 = Release|Any CPU
		{D8C5734D-88D8-46BA-861C-097E5A818DD2}.Debug|Any CPU.ActiveCfg = Debug|Any CPU
		{D8C5734D-88D8-46BA-861C-097E5A818DD2}.Debug|Any CPU.Build.0 = Debug|Any CPU
		{D8C5734D-88D8-46BA-861C-097E5A818DD2}.Debug|x64.ActiveCfg = Debug|Any CPU
		{D8C5734D-88D8-46BA-861C-097E5A818DD2}.Debug|x64.Build.0 = Debug|Any CPU
		{D8C5734D-88D8-46BA-861C-097E5A818DD2}.Debug|x86.ActiveCfg = Debug|Any CPU
		{D8C5734D-88D8-46BA-861C-097E5A818DD2}.Debug|x86.Build.0 = Debug|Any CPU
		{D8C5734D-88D8-46BA-861C-097E5A818DD2}.Release|Any CPU.ActiveCfg = Release|Any CPU
		{D8C5734D-88D8-46BA-861C-097E5A818DD2}.Release|Any CPU.Build.0 = Release|Any CPU
		{D8C5734D-88D8-46BA-861C-097E5A818DD2}.Release|x64.ActiveCfg = Release|Any CPU
		{D8C5734D-88D8-46BA-861C-097E5A818DD2}.Release|x64.Build.0 = Release|Any CPU
		{D8C5734D-88D8-46BA-861C-097E5A818DD2}.Release|x86.ActiveCfg = Release|Any CPU
		{D8C5734D-88D8-46BA-861C-097E5A818DD2}.Release|x86.Build.0 = Release|Any CPU
		{A494DFA8-7B3F-4345-8F59-2AC900BFC2F3}.Debug|Any CPU.ActiveCfg = Debug|Any CPU
		{A494DFA8-7B3F-4345-8F59-2AC900BFC2F3}.Debug|Any CPU.Build.0 = Debug|Any CPU
		{A494DFA8-7B3F-4345-8F59-2AC900BFC2F3}.Debug|x64.ActiveCfg = Debug|Any CPU
		{A494DFA8-7B3F-4345-8F59-2AC900BFC2F3}.Debug|x64.Build.0 = Debug|Any CPU
		{A494DFA8-7B3F-4345-8F59-2AC900BFC2F3}.Debug|x86.ActiveCfg = Debug|Any CPU
		{A494DFA8-7B3F-4345-8F59-2AC900BFC2F3}.Debug|x86.Build.0 = Debug|Any CPU
		{A494DFA8-7B3F-4345-8F59-2AC900BFC2F3}.Release|Any CPU.ActiveCfg = Release|Any CPU
		{A494DFA8-7B3F-4345-8F59-2AC900BFC2F3}.Release|Any CPU.Build.0 = Release|Any CPU
		{A494DFA8-7B3F-4345-8F59-2AC900BFC2F3}.Release|x64.ActiveCfg = Release|Any CPU
		{A494DFA8-7B3F-4345-8F59-2AC900BFC2F3}.Release|x64.Build.0 = Release|Any CPU
		{A494DFA8-7B3F-4345-8F59-2AC900BFC2F3}.Release|x86.ActiveCfg = Release|Any CPU
		{A494DFA8-7B3F-4345-8F59-2AC900BFC2F3}.Release|x86.Build.0 = Release|Any CPU
		{AF5B537C-74E2-4C1D-960E-F93F6425AEC9}.Debug|Any CPU.ActiveCfg = Debug|Any CPU
		{AF5B537C-74E2-4C1D-960E-F93F6425AEC9}.Debug|Any CPU.Build.0 = Debug|Any CPU
		{AF5B537C-74E2-4C1D-960E-F93F6425AEC9}.Debug|x64.ActiveCfg = Debug|Any CPU
		{AF5B537C-74E2-4C1D-960E-F93F6425AEC9}.Debug|x64.Build.0 = Debug|Any CPU
		{AF5B537C-74E2-4C1D-960E-F93F6425AEC9}.Debug|x86.ActiveCfg = Debug|Any CPU
		{AF5B537C-74E2-4C1D-960E-F93F6425AEC9}.Debug|x86.Build.0 = Debug|Any CPU
		{AF5B537C-74E2-4C1D-960E-F93F6425AEC9}.Release|Any CPU.ActiveCfg = Release|Any CPU
		{AF5B537C-74E2-4C1D-960E-F93F6425AEC9}.Release|Any CPU.Build.0 = Release|Any CPU
		{AF5B537C-74E2-4C1D-960E-F93F6425AEC9}.Release|x64.ActiveCfg = Release|Any CPU
		{AF5B537C-74E2-4C1D-960E-F93F6425AEC9}.Release|x64.Build.0 = Release|Any CPU
		{AF5B537C-74E2-4C1D-960E-F93F6425AEC9}.Release|x86.ActiveCfg = Release|Any CPU
		{AF5B537C-74E2-4C1D-960E-F93F6425AEC9}.Release|x86.Build.0 = Release|Any CPU
		{6B192A1A-72B8-4684-9693-BCC2BDF665D3}.Debug|Any CPU.ActiveCfg = Debug|Any CPU
		{6B192A1A-72B8-4684-9693-BCC2BDF665D3}.Debug|Any CPU.Build.0 = Debug|Any CPU
		{6B192A1A-72B8-4684-9693-BCC2BDF665D3}.Debug|x64.ActiveCfg = Debug|Any CPU
		{6B192A1A-72B8-4684-9693-BCC2BDF665D3}.Debug|x64.Build.0 = Debug|Any CPU
		{6B192A1A-72B8-4684-9693-BCC2BDF665D3}.Debug|x86.ActiveCfg = Debug|Any CPU
		{6B192A1A-72B8-4684-9693-BCC2BDF665D3}.Debug|x86.Build.0 = Debug|Any CPU
		{6B192A1A-72B8-4684-9693-BCC2BDF665D3}.Release|Any CPU.ActiveCfg = Release|Any CPU
		{6B192A1A-72B8-4684-9693-BCC2BDF665D3}.Release|Any CPU.Build.0 = Release|Any CPU
		{6B192A1A-72B8-4684-9693-BCC2BDF665D3}.Release|x64.ActiveCfg = Release|Any CPU
		{6B192A1A-72B8-4684-9693-BCC2BDF665D3}.Release|x64.Build.0 = Release|Any CPU
		{6B192A1A-72B8-4684-9693-BCC2BDF665D3}.Release|x86.ActiveCfg = Release|Any CPU
		{6B192A1A-72B8-4684-9693-BCC2BDF665D3}.Release|x86.Build.0 = Release|Any CPU
	EndGlobalSection
	GlobalSection(SolutionProperties) = preSolution
		HideSolutionNode = FALSE
	EndGlobalSection
	GlobalSection(NestedProjects) = preSolution
		{B5CC7D1E-9377-4FBF-B23A-4113EFF9A32A} = {3C5B3D1E-52CC-7748-3607-1E9B3B40885C}
		{643AF6E4-04C2-469B-A939-2937D0278AF6} = {18DB112C-7ABE-0483-81F1-6065088D1160}
		{E7CCA9C4-88BB-4E65-B5AF-4BFE1C286F8F} = {1A57881A-3AC3-60E6-9F4C-05C98910E8B5}
		{86BF5ACD-D8D7-4A57-BFBD-EFCB4AB687C0} = {1A57881A-3AC3-60E6-9F4C-05C98910E8B5}
		{68A1661C-6131-4E35-8001-782288F38C4C} = {1A57881A-3AC3-60E6-9F4C-05C98910E8B5}
		{932E31D1-DC33-46AC-9AEA-75625322F727} = {ACAB799E-CB74-2479-D557-839172118666}
		{14E84403-B766-45D0-A840-14266528EE81} = {1A57881A-3AC3-60E6-9F4C-05C98910E8B5}
		{4E049CFD-A72E-4247-B270-9FD651EBC57D} = {1A57881A-3AC3-60E6-9F4C-05C98910E8B5}
		{7467E6A1-14D3-4DFE-8057-1119D8C1C580} = {5119D0FD-DC6D-C807-E7A6-2CD0DF7A7C37}
		{8FFDA81A-8BAE-40C0-BF41-4432CAD9FD84} = {5119D0FD-DC6D-C807-E7A6-2CD0DF7A7C37}
		{3B79D1F0-7E7B-4C40-A045-439E9A96C82A} = {ACAB799E-CB74-2479-D557-839172118666}
		{6A156BEC-7465-44EC-9624-A213AF652B1D} = {ACAB799E-CB74-2479-D557-839172118666}
		{1ACA44E9-3BBC-40C4-BAFC-C064BC6D5143} = {18DB112C-7ABE-0483-81F1-6065088D1160}
		{44E784B2-D660-4147-BE9C-F6EA8DE31382} = {3C5B3D1E-52CC-7748-3607-1E9B3B40885C}
		{FBC2B2E2-7744-4111-BFD4-AFB2EEECC855} = {3C5B3D1E-52CC-7748-3607-1E9B3B40885C}
		{28164186-58F1-48C3-8DF4-DBEB291F3069} = {E1BB206C-2A66-296C-EE62-0FF0B0D25B42}
		{41D7E4E5-23BD-4A84-A0E4-A49E72497A31} = {ACAB799E-CB74-2479-D557-839172118666}
		{41EE0A0F-A30B-4F5A-BD74-609A2E460805} = {356C5011-6BBA-85B4-8C29-B4E24DEAACDD}
		{B3438F17-0973-43B9-94E9-8799B6FA5EC6} = {356C5011-6BBA-85B4-8C29-B4E24DEAACDD}
		{7F0BF7EA-8927-4A55-A113-0FF4DEAEADCE} = {356C5011-6BBA-85B4-8C29-B4E24DEAACDD}
		{791A3787-C431-40E4-8B1F-9C5CF0E025A3} = {18DB112C-7ABE-0483-81F1-6065088D1160}
		{1B7A2D55-1E22-46AF-871A-EE9BB87A362C} = {5119D0FD-DC6D-C807-E7A6-2CD0DF7A7C37}
		{1C987F14-786A-4E44-9690-1522E9335E9F} = {5119D0FD-DC6D-C807-E7A6-2CD0DF7A7C37}
		{57D75834-58EB-4036-AE26-D68C87F0E38E} = {5119D0FD-DC6D-C807-E7A6-2CD0DF7A7C37}
		{0F7C1C8C-90C6-4653-B86F-C5535028D1DD} = {18DB112C-7ABE-0483-81F1-6065088D1160}
		{845E222D-2915-4EB4-A9DE-83A2085E9D7A} = {3C5B3D1E-52CC-7748-3607-1E9B3B40885C}
		{D8C5734D-88D8-46BA-861C-097E5A818DD2} = {1A57881A-3AC3-60E6-9F4C-05C98910E8B5}
		{A494DFA8-7B3F-4345-8F59-2AC900BFC2F3} = {1A57881A-3AC3-60E6-9F4C-05C98910E8B5}
		{AF5B537C-74E2-4C1D-960E-F93F6425AEC9} = {1A57881A-3AC3-60E6-9F4C-05C98910E8B5}
		{6B192A1A-72B8-4684-9693-BCC2BDF665D3} = {1A57881A-3AC3-60E6-9F4C-05C98910E8B5}
	EndGlobalSection
EndGlobal
